
Microsoft Visual Studio Solution File, Format Version 12.00
# Visual Studio Version 17
VisualStudioVersion = 17.2.32630.192
MinimumVisualStudioVersion = 10.0.40219.1
Project("{FAE04EC0-301F-11D3-BF4B-00C04F79EFBC}") = "BlazorGoogleAuth.Server", "BlazorGoogleAuth\Server\BlazorGoogleAuth.Server.csproj", "{5F2E6E52-7E46-4691-8ECC-E5AF98BC7761}"
EndProject
Project("{FAE04EC0-301F-11D3-BF4B-00C04F79EFBC}") = "BlazorGoogleAuth.Client", "BlazorGoogleAuth\Client\BlazorGoogleAuth.Client.csproj", "{514D0C4F-9443-4A99-A50B-20B189251746}"
EndProject
Project("{FAE04EC0-301F-11D3-BF4B-00C04F79EFBC}") = "BlazorGoogleAuth.Shared", "BlazorGoogleAuth\Shared\BlazorGoogleAuth.Shared.csproj", "{DFBBC487-B48E-447E-A01B-4EE4B31A8D9F}"
EndProject
Global
	GlobalSection(SolutionConfigurationPlatforms) = preSolution
		Debug|Any CPU = Debug|Any CPU
		Release|Any CPU = Release|Any CPU
	EndGlobalSection
	GlobalSection(ProjectConfigurationPlatforms) = postSolution
		{5F2E6E52-7E46-4691-8ECC-E5AF98BC7761}.Debug|Any CPU.ActiveCfg = Debug|Any CPU
		{5F2E6E52-7E46-4691-8ECC-E5AF98BC7761}.Debug|Any CPU.Build.0 = Debug|Any CPU
		{5F2E6E52-7E46-4691-8ECC-E5AF98BC7761}.Release|Any CPU.ActiveCfg = Release|Any CPU
		{5F2E6E52-7E46-4691-8ECC-E5AF98BC7761}.Release|Any CPU.Build.0 = Release|Any CPU
		{514D0C4F-9443-4A99-A50B-20B189251746}.Debug|Any CPU.ActiveCfg = Debug|Any CPU
		{514D0C4F-9443-4A99-A50B-20B189251746}.Debug|Any CPU.Build.0 = Debug|Any CPU
		{514D0C4F-9443-4A99-A50B-20B189251746}.Release|Any CPU.ActiveCfg = Release|Any CPU
		{514D0C4F-9443-4A99-A50B-20B189251746}.Release|Any CPU.Build.0 = Release|Any CPU
		{DFBBC487-B48E-447E-A01B-4EE4B31A8D9F}.Debug|Any CPU.ActiveCfg = Debug|Any CPU
		{DFBBC487-B48E-447E-A01B-4EE4B31A8D9F}.Debug|Any CPU.Build.0 = Debug|Any CPU
		{DFBBC487-B48E-447E-A01B-4EE4B31A8D9F}.Release|Any CPU.ActiveCfg = Release|Any CPU
		{DFBBC487-B48E-447E-A01B-4EE4B31A8D9F}.Release|Any CPU.Build.0 = Release|Any CPU
	EndGlobalSection
	GlobalSection(SolutionProperties) = preSolution
		HideSolutionNode = FALSE
	EndGlobalSection
	GlobalSection(ExtensibilityGlobals) = postSolution
		SolutionGuid = {C3516D3C-3FB5-4262-9C20-DE7D6DFEAADE}
	EndGlobalSection
EndGlobal
